
Microsoft Visual Studio Solution File, Format Version 12.00
# Visual Studio 2013
VisualStudioVersion = 12.0.21005.1
MinimumVisualStudioVersion = 10.0.40219.1
Project("{FAE04EC0-301F-11D3-BF4B-00C04F79EFBC}") = "bai1", "bai1\bai1.csproj", "{8F9F6AAD-D003-4929-AA4F-92E941368E25}"
EndProject
Project("{FAE04EC0-301F-11D3-BF4B-00C04F79EFBC}") = "bai2", "bai2\bai2.csproj", "{81847A24-3363-4AD8-8286-203BBF5C517E}"
EndProject
Project("{FAE04EC0-301F-11D3-BF4B-00C04F79EFBC}") = "bai3", "bai3\bai3.csproj", "{1A50CFB5-E0B8-4A58-8E3B-974FEE1EF0F3}"
EndProject
Project("{FAE04EC0-301F-11D3-BF4B-00C04F79EFBC}") = "bai4", "bai4\bai4.csproj", "{05967D17-1585-4155-A145-994CF9E93A0F}"
EndProject
Project("{FAE04EC0-301F-11D3-BF4B-00C04F79EFBC}") = "bai14", "bai14\bai14.csproj", "{E86BF0C2-EB09-4F5C-BBC2-AC816698CCE1}"
EndProject
Project("{FAE04EC0-301F-11D3-BF4B-00C04F79EFBC}") = "baisosanhtien", "baisosanhtien\baisosanhtien.csproj", "{64A40AEB-F29A-4DDC-BBE9-676C7CF60AB4}"
EndProject
Project("{FAE04EC0-301F-11D3-BF4B-00C04F79EFBC}") = "bai15", "bai15\bai15.csproj", "{3945D4E1-CBA2-40EE-AB01-F6DB73AA96D1}"
EndProject
Project("{FAE04EC0-301F-11D3-BF4B-00C04F79EFBC}") = "bai13", "bai13\bai13.csproj", "{298A9058-63E3-41BE-99A7-F9EAE5B540D8}"
EndProject
Project("{FAE04EC0-301F-11D3-BF4B-00C04F79EFBC}") = "bai12", "bai12\bai12.csproj", "{08309F34-EB9C-474D-85F8-2B226C06F60A}"
EndProject
Project("{FAE04EC0-301F-11D3-BF4B-00C04F79EFBC}") = "bai5", "bai5\bai5.csproj", "{B1CC1083-7B51-4816-AE6F-D3B1781B7CBB}"
EndProject
Project("{FAE04EC0-301F-11D3-BF4B-00C04F79EFBC}") = "bai6", "bai6\bai6.csproj", "{2D6A3EAE-8FCF-437C-BC2C-1142E8090496}"
EndProject
Project("{FAE04EC0-301F-11D3-BF4B-00C04F79EFBC}") = "bai7", "bai7\bai7.csproj", "{337E734A-180B-4132-BC65-DD5FB1A9B0B2}"
EndProject
Project("{FAE04EC0-301F-11D3-BF4B-00C04F79EFBC}") = "bai8", "bai8\bai8.csproj", "{C07D3BC6-50CE-42E5-89BF-71C6FB765A12}"
EndProject
Project("{FAE04EC0-301F-11D3-BF4B-00C04F79EFBC}") = "bai9", "bai9\bai9.csproj", "{9DFA3584-34AD-4B2D-AF7B-770639426155}"
EndProject
Project("{FAE04EC0-301F-11D3-BF4B-00C04F79EFBC}") = "bai10", "bai10\bai10.csproj", "{AB1F4ADF-D968-4C65-B708-758A5E01FF67}"
EndProject
Project("{FAE04EC0-301F-11D3-BF4B-00C04F79EFBC}") = "bai11", "bai11\bai11.csproj", "{196B5887-7107-495E-B428-4030D315F1C6}"
EndProject
Project("{FAE04EC0-301F-11D3-BF4B-00C04F79EFBC}") = "bai16", "bai16\bai16.csproj", "{1FFA6B4F-10C0-436D-8AE9-A0A1D3A990B0}"
EndProject
Project("{FAE04EC0-301F-11D3-BF4B-00C04F79EFBC}") = "bai17", "bai17\bai17.csproj", "{3CF17E53-3CFB-4C77-96D7-FA123A5691FB}"
EndProject
Project("{FAE04EC0-301F-11D3-BF4B-00C04F79EFBC}") = "bai18", "bai18\bai18.csproj", "{D41877BB-CBF0-4867-A43A-7A25B828F8B3}"
EndProject
Project("{FAE04EC0-301F-11D3-BF4B-00C04F79EFBC}") = "bai19", "bai19\bai19.csproj", "{8990AD45-7654-4F42-80AE-013EEDBE58EC}"
EndProject
Project("{FAE04EC0-301F-11D3-BF4B-00C04F79EFBC}") = "bai20", "bai20\bai20.csproj", "{867D3A82-A817-4230-AE96-15173988DE1D}"
EndProject
Project("{FAE04EC0-301F-11D3-BF4B-00C04F79EFBC}") = "bai21", "bai21\bai21.csproj", "{D06ACB96-E9F0-49E8-9243-6EBC1110D54A}"
EndProject
Project("{FAE04EC0-301F-11D3-BF4B-00C04F79EFBC}") = "bai22", "bai22\bai22.csproj", "{DD24B7DA-9BCB-42D5-911B-E0BEFB0C9F8E}"
EndProject
Global
	GlobalSection(SolutionConfigurationPlatforms) = preSolution
		Debug|Any CPU = Debug|Any CPU
		Release|Any CPU = Release|Any CPU
	EndGlobalSection
	GlobalSection(ProjectConfigurationPlatforms) = postSolution
		{8F9F6AAD-D003-4929-AA4F-92E941368E25}.Debug|Any CPU.ActiveCfg = Debug|Any CPU
		{8F9F6AAD-D003-4929-AA4F-92E941368E25}.Debug|Any CPU.Build.0 = Debug|Any CPU
		{8F9F6AAD-D003-4929-AA4F-92E941368E25}.Release|Any CPU.ActiveCfg = Release|Any CPU
		{8F9F6AAD-D003-4929-AA4F-92E941368E25}.Release|Any CPU.Build.0 = Release|Any CPU
		{81847A24-3363-4AD8-8286-203BBF5C517E}.Debug|Any CPU.ActiveCfg = Debug|Any CPU
		{81847A24-3363-4AD8-8286-203BBF5C517E}.Debug|Any CPU.Build.0 = Debug|Any CPU
		{81847A24-3363-4AD8-8286-203BBF5C517E}.Release|Any CPU.ActiveCfg = Release|Any CPU
		{81847A24-3363-4AD8-8286-203BBF5C517E}.Release|Any CPU.Build.0 = Release|Any CPU
		{1A50CFB5-E0B8-4A58-8E3B-974FEE1EF0F3}.Debug|Any CPU.ActiveCfg = Debug|Any CPU
		{1A50CFB5-E0B8-4A58-8E3B-974FEE1EF0F3}.Debug|Any CPU.Build.0 = Debug|Any CPU
		{1A50CFB5-E0B8-4A58-8E3B-974FEE1EF0F3}.Release|Any CPU.ActiveCfg = Release|Any CPU
		{1A50CFB5-E0B8-4A58-8E3B-974FEE1EF0F3}.Release|Any CPU.Build.0 = Release|Any CPU
		{05967D17-1585-4155-A145-994CF9E93A0F}.Debug|Any CPU.ActiveCfg = Debug|Any CPU
		{05967D17-1585-4155-A145-994CF9E93A0F}.Debug|Any CPU.Build.0 = Debug|Any CPU
		{05967D17-1585-4155-A145-994CF9E93A0F}.Release|Any CPU.ActiveCfg = Release|Any CPU
		{05967D17-1585-4155-A145-994CF9E93A0F}.Release|Any CPU.Build.0 = Release|Any CPU
		{E86BF0C2-EB09-4F5C-BBC2-AC816698CCE1}.Debug|Any CPU.ActiveCfg = Debug|Any CPU
		{E86BF0C2-EB09-4F5C-BBC2-AC816698CCE1}.Debug|Any CPU.Build.0 = Debug|Any CPU
		{E86BF0C2-EB09-4F5C-BBC2-AC816698CCE1}.Release|Any CPU.ActiveCfg = Release|Any CPU
		{E86BF0C2-EB09-4F5C-BBC2-AC816698CCE1}.Release|Any CPU.Build.0 = Release|Any CPU
		{64A40AEB-F29A-4DDC-BBE9-676C7CF60AB4}.Debug|Any CPU.ActiveCfg = Debug|Any CPU
		{64A40AEB-F29A-4DDC-BBE9-676C7CF60AB4}.Debug|Any CPU.Build.0 = Debug|Any CPU
		{64A40AEB-F29A-4DDC-BBE9-676C7CF60AB4}.Release|Any CPU.ActiveCfg = Release|Any CPU
		{64A40AEB-F29A-4DDC-BBE9-676C7CF60AB4}.Release|Any CPU.Build.0 = Release|Any CPU
		{3945D4E1-CBA2-40EE-AB01-F6DB73AA96D1}.Debug|Any CPU.ActiveCfg = Debug|Any CPU
		{3945D4E1-CBA2-40EE-AB01-F6DB73AA96D1}.Debug|Any CPU.Build.0 = Debug|Any CPU
		{3945D4E1-CBA2-40EE-AB01-F6DB73AA96D1}.Release|Any CPU.ActiveCfg = Release|Any CPU
		{3945D4E1-CBA2-40EE-AB01-F6DB73AA96D1}.Release|Any CPU.Build.0 = Release|Any CPU
		{298A9058-63E3-41BE-99A7-F9EAE5B540D8}.Debug|Any CPU.ActiveCfg = Debug|Any CPU
		{298A9058-63E3-41BE-99A7-F9EAE5B540D8}.Debug|Any CPU.Build.0 = Debug|Any CPU
		{298A9058-63E3-41BE-99A7-F9EAE5B540D8}.Release|Any CPU.ActiveCfg = Release|Any CPU
		{298A9058-63E3-41BE-99A7-F9EAE5B540D8}.Release|Any CPU.Build.0 = Release|Any CPU
		{08309F34-EB9C-474D-85F8-2B226C06F60A}.Debug|Any CPU.ActiveCfg = Debug|Any CPU
		{08309F34-EB9C-474D-85F8-2B226C06F60A}.Debug|Any CPU.Build.0 = Debug|Any CPU
		{08309F34-EB9C-474D-85F8-2B226C06F60A}.Release|Any CPU.ActiveCfg = Release|Any CPU
		{08309F34-EB9C-474D-85F8-2B226C06F60A}.Release|Any CPU.Build.0 = Release|Any CPU
		{B1CC1083-7B51-4816-AE6F-D3B1781B7CBB}.Debug|Any CPU.ActiveCfg = Debug|Any CPU
		{B1CC1083-7B51-4816-AE6F-D3B1781B7CBB}.Debug|Any CPU.Build.0 = Debug|Any CPU
		{B1CC1083-7B51-4816-AE6F-D3B1781B7CBB}.Release|Any CPU.ActiveCfg = Release|Any CPU
		{B1CC1083-7B51-4816-AE6F-D3B1781B7CBB}.Release|Any CPU.Build.0 = Release|Any CPU
		{2D6A3EAE-8FCF-437C-BC2C-1142E8090496}.Debug|Any CPU.ActiveCfg = Debug|Any CPU
		{2D6A3EAE-8FCF-437C-BC2C-1142E8090496}.Debug|Any CPU.Build.0 = Debug|Any CPU
		{2D6A3EAE-8FCF-437C-BC2C-1142E8090496}.Release|Any CPU.ActiveCfg = Release|Any CPU
		{2D6A3EAE-8FCF-437C-BC2C-1142E8090496}.Release|Any CPU.Build.0 = Release|Any CPU
		{337E734A-180B-4132-BC65-DD5FB1A9B0B2}.Debug|Any CPU.ActiveCfg = Debug|Any CPU
		{337E734A-180B-4132-BC65-DD5FB1A9B0B2}.Debug|Any CPU.Build.0 = Debug|Any CPU
		{337E734A-180B-4132-BC65-DD5FB1A9B0B2}.Release|Any CPU.ActiveCfg = Release|Any CPU
		{337E734A-180B-4132-BC65-DD5FB1A9B0B2}.Release|Any CPU.Build.0 = Release|Any CPU
		{C07D3BC6-50CE-42E5-89BF-71C6FB765A12}.Debug|Any CPU.ActiveCfg = Debug|Any CPU
		{C07D3BC6-50CE-42E5-89BF-71C6FB765A12}.Debug|Any CPU.Build.0 = Debug|Any CPU
		{C07D3BC6-50CE-42E5-89BF-71C6FB765A12}.Release|Any CPU.ActiveCfg = Release|Any CPU
		{C07D3BC6-50CE-42E5-89BF-71C6FB765A12}.Release|Any CPU.Build.0 = Release|Any CPU
		{9DFA3584-34AD-4B2D-AF7B-770639426155}.Debug|Any CPU.ActiveCfg = Debug|Any CPU
		{9DFA3584-34AD-4B2D-AF7B-770639426155}.Debug|Any CPU.Build.0 = Debug|Any CPU
		{9DFA3584-34AD-4B2D-AF7B-770639426155}.Release|Any CPU.ActiveCfg = Release|Any CPU
		{9DFA3584-34AD-4B2D-AF7B-770639426155}.Release|Any CPU.Build.0 = Release|Any CPU
		{AB1F4ADF-D968-4C65-B708-758A5E01FF67}.Debug|Any CPU.ActiveCfg = Debug|Any CPU
		{AB1F4ADF-D968-4C65-B708-758A5E01FF67}.Debug|Any CPU.Build.0 = Debug|Any CPU
		{AB1F4ADF-D968-4C65-B708-758A5E01FF67}.Release|Any CPU.ActiveCfg = Release|Any CPU
		{AB1F4ADF-D968-4C65-B708-758A5E01FF67}.Release|Any CPU.Build.0 = Release|Any CPU
		{196B5887-7107-495E-B428-4030D315F1C6}.Debug|Any CPU.ActiveCfg = Debug|Any CPU
		{196B5887-7107-495E-B428-4030D315F1C6}.Debug|Any CPU.Build.0 = Debug|Any CPU
		{196B5887-7107-495E-B428-4030D315F1C6}.Release|Any CPU.ActiveCfg = Release|Any CPU
		{196B5887-7107-495E-B428-4030D315F1C6}.Release|Any CPU.Build.0 = Release|Any CPU
		{1FFA6B4F-10C0-436D-8AE9-A0A1D3A990B0}.Debug|Any CPU.ActiveCfg = Debug|Any CPU
		{1FFA6B4F-10C0-436D-8AE9-A0A1D3A990B0}.Debug|Any CPU.Build.0 = Debug|Any CPU
		{1FFA6B4F-10C0-436D-8AE9-A0A1D3A990B0}.Release|Any CPU.ActiveCfg = Release|Any CPU
		{1FFA6B4F-10C0-436D-8AE9-A0A1D3A990B0}.Release|Any CPU.Build.0 = Release|Any CPU
		{3CF17E53-3CFB-4C77-96D7-FA123A5691FB}.Debug|Any CPU.ActiveCfg = Debug|Any CPU
		{3CF17E53-3CFB-4C77-96D7-FA123A5691FB}.Debug|Any CPU.Build.0 = Debug|Any CPU
		{3CF17E53-3CFB-4C77-96D7-FA123A5691FB}.Release|Any CPU.ActiveCfg = Release|Any CPU
		{3CF17E53-3CFB-4C77-96D7-FA123A5691FB}.Release|Any CPU.Build.0 = Release|Any CPU
		{D41877BB-CBF0-4867-A43A-7A25B828F8B3}.Debug|Any CPU.ActiveCfg = Debug|Any CPU
		{D41877BB-CBF0-4867-A43A-7A25B828F8B3}.Debug|Any CPU.Build.0 = Debug|Any CPU
		{D41877BB-CBF0-4867-A43A-7A25B828F8B3}.Release|Any CPU.ActiveCfg = Release|Any CPU
		{D41877BB-CBF0-4867-A43A-7A25B828F8B3}.Release|Any CPU.Build.0 = Release|Any CPU
		{8990AD45-7654-4F42-80AE-013EEDBE58EC}.Debug|Any CPU.ActiveCfg = Debug|Any CPU
		{8990AD45-7654-4F42-80AE-013EEDBE58EC}.Debug|Any CPU.Build.0 = Debug|Any CPU
		{8990AD45-7654-4F42-80AE-013EEDBE58EC}.Release|Any CPU.ActiveCfg = Release|Any CPU
		{8990AD45-7654-4F42-80AE-013EEDBE58EC}.Release|Any CPU.Build.0 = Release|Any CPU
		{867D3A82-A817-4230-AE96-15173988DE1D}.Debug|Any CPU.ActiveCfg = Debug|Any CPU
		{867D3A82-A817-4230-AE96-15173988DE1D}.Debug|Any CPU.Build.0 = Debug|Any CPU
		{867D3A82-A817-4230-AE96-15173988DE1D}.Release|Any CPU.ActiveCfg = Release|Any CPU
		{867D3A82-A817-4230-AE96-15173988DE1D}.Release|Any CPU.Build.0 = Release|Any CPU
		{D06ACB96-E9F0-49E8-9243-6EBC1110D54A}.Debug|Any CPU.ActiveCfg = Debug|Any CPU
		{D06ACB96-E9F0-49E8-9243-6EBC1110D54A}.Debug|Any CPU.Build.0 = Debug|Any CPU
		{D06ACB96-E9F0-49E8-9243-6EBC1110D54A}.Release|Any CPU.ActiveCfg = Release|Any CPU
		{D06ACB96-E9F0-49E8-9243-6EBC1110D54A}.Release|Any CPU.Build.0 = Release|Any CPU
		{DD24B7DA-9BCB-42D5-911B-E0BEFB0C9F8E}.Debug|Any CPU.ActiveCfg = Debug|Any CPU
		{DD24B7DA-9BCB-42D5-911B-E0BEFB0C9F8E}.Debug|Any CPU.Build.0 = Debug|Any CPU
		{DD24B7DA-9BCB-42D5-911B-E0BEFB0C9F8E}.Release|Any CPU.ActiveCfg = Release|Any CPU
		{DD24B7DA-9BCB-42D5-911B-E0BEFB0C9F8E}.Release|Any CPU.Build.0 = Release|Any CPU
	EndGlobalSection
	GlobalSection(SolutionProperties) = preSolution
		HideSolutionNode = FALSE
	EndGlobalSection
EndGlobal
